
Microsoft Visual Studio Solution File, Format Version 12.00
# Visual Studio 15
VisualStudioVersion = 15.0.27705.2000
MinimumVisualStudioVersion = 10.0.40219.1
Project("{9A19103F-16F7-4668-BE54-9A1E7A4F7556}") = "WebApiDemo", "src\WebApiDemo.csproj", "{12813C90-4228-42AA-9796-AC5C11F6E2E7}"
EndProject
Project("{2150E333-8FDC-42A3-9474-1A3956D46DE8}") = "Solution Items", "Solution Items", "{6BE8DBF8-6F21-42AC-9955-E8205506969C}"
	ProjectSection(SolutionItems) = preProject
		Nuget.Config = Nuget.Config
	EndProjectSection
EndProject
Global
	GlobalSection(SolutionConfigurationPlatforms) = preSolution
		Debug|Any CPU = Debug|Any CPU
		Release|Any CPU = Release|Any CPU
	EndGlobalSection
	GlobalSection(ProjectConfigurationPlatforms) = postSolution
		{12813C90-4228-42AA-9796-AC5C11F6E2E7}.Debug|Any CPU.ActiveCfg = Debug|Any CPU
		{12813C90-4228-42AA-9796-AC5C11F6E2E7}.Debug|Any CPU.Build.0 = Debug|Any CPU
		{12813C90-4228-42AA-9796-AC5C11F6E2E7}.Release|Any CPU.ActiveCfg = Release|Any CPU
		{12813C90-4228-42AA-9796-AC5C11F6E2E7}.Release|Any CPU.Build.0 = Release|Any CPU
	EndGlobalSection
	GlobalSection(SolutionProperties) = preSolution
		HideSolutionNode = FALSE
	EndGlobalSection
	GlobalSection(ExtensibilityGlobals) = postSolution
		SolutionGuid = {4729D41D-12E6-408F-B22D-29A03C960841}
	EndGlobalSection
EndGlobal
